
Microsoft Visual Studio Solution File, Format Version 12.00
# Visual Studio Version 17
VisualStudioVersion = 17.0.31903.59
MinimumVisualStudioVersion = 10.0.40219.1
Project("{FAE04EC0-301F-11D3-BF4B-00C04F79EFBC}") = "Domain", "Domain\Domain.csproj", "{49DEB226-4AB8-4101-A709-7902FD8575F7}"
EndProject
Project("{FAE04EC0-301F-11D3-BF4B-00C04F79EFBC}") = "Api", "Api\Api.csproj", "{5542DC98-9819-4CDC-A4A0-C03D0177DC3B}"
EndProject
Project("{FAE04EC0-301F-11D3-BF4B-00C04F79EFBC}") = "Repository", "Repository\Repository.csproj", "{3316C695-39CC-4868-A8F3-59AB6D165C20}"
EndProject
Project("{FAE04EC0-301F-11D3-BF4B-00C04F79EFBC}") = "Tests", "Tests\Tests.csproj", "{AD34BF0D-F593-4D74-9CE1-5A11915330EA}"
EndProject
Global
	GlobalSection(SolutionConfigurationPlatforms) = preSolution
		Debug|Any CPU = Debug|Any CPU
		Release|Any CPU = Release|Any CPU
	EndGlobalSection
	GlobalSection(SolutionProperties) = preSolution
		HideSolutionNode = FALSE
	EndGlobalSection
	GlobalSection(ProjectConfigurationPlatforms) = postSolution
		{49DEB226-4AB8-4101-A709-7902FD8575F7}.Debug|Any CPU.ActiveCfg = Debug|Any CPU
		{49DEB226-4AB8-4101-A709-7902FD8575F7}.Debug|Any CPU.Build.0 = Debug|Any CPU
		{49DEB226-4AB8-4101-A709-7902FD8575F7}.Release|Any CPU.ActiveCfg = Release|Any CPU
		{49DEB226-4AB8-4101-A709-7902FD8575F7}.Release|Any CPU.Build.0 = Release|Any CPU
		{5542DC98-9819-4CDC-A4A0-C03D0177DC3B}.Debug|Any CPU.ActiveCfg = Debug|Any CPU
		{5542DC98-9819-4CDC-A4A0-C03D0177DC3B}.Debug|Any CPU.Build.0 = Debug|Any CPU
		{5542DC98-9819-4CDC-A4A0-C03D0177DC3B}.Release|Any CPU.ActiveCfg = Release|Any CPU
		{5542DC98-9819-4CDC-A4A0-C03D0177DC3B}.Release|Any CPU.Build.0 = Release|Any CPU
		{3316C695-39CC-4868-A8F3-59AB6D165C20}.Debug|Any CPU.ActiveCfg = Debug|Any CPU
		{3316C695-39CC-4868-A8F3-59AB6D165C20}.Debug|Any CPU.Build.0 = Debug|Any CPU
		{3316C695-39CC-4868-A8F3-59AB6D165C20}.Release|Any CPU.ActiveCfg = Release|Any CPU
		{3316C695-39CC-4868-A8F3-59AB6D165C20}.Release|Any CPU.Build.0 = Release|Any CPU
		{AD34BF0D-F593-4D74-9CE1-5A11915330EA}.Debug|Any CPU.ActiveCfg = Debug|Any CPU
		{AD34BF0D-F593-4D74-9CE1-5A11915330EA}.Debug|Any CPU.Build.0 = Debug|Any CPU
		{AD34BF0D-F593-4D74-9CE1-5A11915330EA}.Release|Any CPU.ActiveCfg = Release|Any CPU
		{AD34BF0D-F593-4D74-9CE1-5A11915330EA}.Release|Any CPU.Build.0 = Release|Any CPU
	EndGlobalSection
EndGlobal
